# This file was autogenerated by Stack.
# You should not edit this file by hand.
# For more information, please see the documentation at:
#   https://docs.haskellstack.org/en/stable/lock_files

packages:
- completed:
    hackage: worldturtle-0.3.1.0@sha256:5981a1bf350da86da4e1568a728fc911cd87d9df4b39f0521fceabb992b62b8c,2420
    pantry-tree:
      sha256: 7adeac63a04c30bf3eff4334933bc99f6317444e6c3da67dc8821dc57a9d4fc5
      size: 1212
  original:
    hackage: worldturtle-0.3.1.0
snapshots:
- completed:
    sha256: 126fa33ceb11f5e85ceb4e86d434756bd9a8439e2e5776d306a15fbc63b01e89
    size: 650041
    url: https://raw.githubusercontent.com/commercialhaskell/stackage-snapshots/master/lts/20/20.yaml
  original:
    url: https://raw.githubusercontent.com/commercialhaskell/stackage-snapshots/master/lts/20/20.yaml
